
Microsoft Visual Studio Solution File, Format Version 12.00
# Visual Studio Version 17
VisualStudioVersion = 17.14.37411.7 d17.14
MinimumVisualStudioVersion = 10.0.40219.1
Project("{FAE04EC0-301F-11D3-BF4B-00C04F79EFBC}") = "Proyecto_VolBite", "Proyecto_VolBite\Proyecto_VolBite.csproj", "{34B25BA7-341B-47BB-9D0E-930DE4C43B58}"
EndProject
Global
	GlobalSection(SolutionConfigurationPlatforms) = preSolution
		Debug|Any CPU = Debug|Any CPU
		Release|Any CPU = Release|Any CPU
	EndGlobalSection
	GlobalSection(ProjectConfigurationPlatforms) = postSolution
		{34B25BA7-341B-47BB-9D0E-930DE4C43B58}.Debug|Any CPU.ActiveCfg = Debug|Any CPU
		{34B25BA7-341B-47BB-9D0E-930DE4C43B58}.Debug|Any CPU.Build.0 = Debug|Any CPU
		{34B25BA7-341B-47BB-9D0E-930DE4C43B58}.Release|Any CPU.ActiveCfg = Release|Any CPU
		{34B25BA7-341B-47BB-9D0E-930DE4C43B58}.Release|Any CPU.Build.0 = Release|Any CPU
	EndGlobalSection
	GlobalSection(SolutionProperties) = preSolution
		HideSolutionNode = FALSE
	EndGlobalSection
	GlobalSection(ExtensibilityGlobals) = postSolution
		SolutionGuid = {7619FC47-C18C-4BCE-832A-B00209DB975B}
	EndGlobalSection
EndGlobal
